
Microsoft Visual Studio Solution File, Format Version 12.00
Project("{FAE04EC0-301F-11D3-BF4B-00C04F79EFBC}") = "Types.1.Practice", "Types.1.Practice\Types.1.Practice.csproj", "{74E0228E-625C-4041-8EA5-87131A64588F}"
EndProject
Global
	GlobalSection(SolutionConfigurationPlatforms) = preSolution
		Debug|Any CPU = Debug|Any CPU
		Release|Any CPU = Release|Any CPU
	EndGlobalSection
	GlobalSection(ProjectConfigurationPlatforms) = postSolution
		{74E0228E-625C-4041-8EA5-87131A64588F}.Debug|Any CPU.ActiveCfg = Debug|Any CPU
		{74E0228E-625C-4041-8EA5-87131A64588F}.Debug|Any CPU.Build.0 = Debug|Any CPU
		{74E0228E-625C-4041-8EA5-87131A64588F}.Release|Any CPU.ActiveCfg = Release|Any CPU
		{74E0228E-625C-4041-8EA5-87131A64588F}.Release|Any CPU.Build.0 = Release|Any CPU
	EndGlobalSection
EndGlobal
